
Microsoft Visual Studio Solution File, Format Version 12.00
# Visual Studio Version 17
VisualStudioVersion = 17.3.32901.215
MinimumVisualStudioVersion = 10.0.40219.1
Project("{9A19103F-16F7-4668-BE54-9A1E7A4F7556}") = "shop.webui", "shop.webui\shop.webui.csproj", "{496367AC-6149-46CA-8337-9261D963D719}"
EndProject
Global
	GlobalSection(SolutionConfigurationPlatforms) = preSolution
		Debug|Any CPU = Debug|Any CPU
		Release|Any CPU = Release|Any CPU
	EndGlobalSection
	GlobalSection(ProjectConfigurationPlatforms) = postSolution
		{496367AC-6149-46CA-8337-9261D963D719}.Debug|Any CPU.ActiveCfg = Debug|Any CPU
		{496367AC-6149-46CA-8337-9261D963D719}.Debug|Any CPU.Build.0 = Debug|Any CPU
		{496367AC-6149-46CA-8337-9261D963D719}.Release|Any CPU.ActiveCfg = Release|Any CPU
		{496367AC-6149-46CA-8337-9261D963D719}.Release|Any CPU.Build.0 = Release|Any CPU
	EndGlobalSection
	GlobalSection(SolutionProperties) = preSolution
		HideSolutionNode = FALSE
	EndGlobalSection
	GlobalSection(ExtensibilityGlobals) = postSolution
		SolutionGuid = {4A2DAC3B-F72E-4161-A73F-40BDFDF00F51}
	EndGlobalSection
EndGlobal
